# THIS IS AN AUTOGENERATED FILE. DO NOT EDIT THIS FILE DIRECTLY.
# yarn lockfile v1


"@styled-system/css@^5.1.5":
  version "5.1.5"
  resolved "https://registry.yarnpkg.com/@styled-system/css/-/css-5.1.5.tgz#0460d5f3ff962fa649ea128ef58d9584f403bbbc"
  integrity sha512-XkORZdS5kypzcBotAMPBoeckDs9aSZVkvrAlq5K3xP8IMAUek+x2O4NtwoSgkYkWWzVBu6DGdFZLR790QWGG+A==

"@types/styled-system__css@^5.0.11":
  version "5.0.11"
  resolved "https://registry.yarnpkg.com/@types/styled-system__css/-/styled-system__css-5.0.11.tgz#a9ff7e5d75e69a0d5ccff36acb4bbd491f1a9da9"
  integrity sha512-hUieAt4sFS7zwbdU9Vlnn/c3vkfhTMhyiccYGpUSX96nJ4BF3NjLIjMu3cQOYS5EX4gPkHJZhkfdw41ov1NjhQ==
  dependencies:
    csstype "^2.6.6"

csstype@^2.6.6:
  version "2.6.11"
  resolved "https://registry.yarnpkg.com/csstype/-/csstype-2.6.11.tgz#452f4d024149ecf260a852b025e36562a253ffc5"
  integrity sha512-l8YyEC9NBkSm783PFTvh0FmJy7s5pFKrDp49ZL7zBGX3fWkO+N4EEyan1qqp8cwPLDcD0OSdyY6hAMoxp34JFw==

typescript@^3.9.6:
  version "3.9.6"
  resolved "https://registry.yarnpkg.com/typescript/-/typescript-3.9.6.tgz#8f3e0198a34c3ae17091b35571d3afd31999365a"
  integrity sha512-Pspx3oKAPJtjNwE92YS05HQoY7z2SFyOpHo9MqJor3BXAGNaPUs83CuVp9VISFkSjyRfiTpmKuAYGJB7S7hOxw==
